// !$*UTF8*$!
{
	archiveVersion = 1;
	classes = {
	};
	objectVersion = 50;
	objects = {

/* Begin PBXBuildFile section */
		63D56049510639123E13322A /* Pods_UserActivityTests.framework in Frameworks */ = {isa = PBXBuildFile; fileRef = 0144069585B4EAAF5F786386 /* Pods_UserActivityTests.framework */; };
		6F366EAA22F4FCC400AFB3B4 /* AppDelegate.swift in Sources */ = {isa = PBXBuildFile; fileRef = 6F366EA922F4FCC400AFB3B4 /* AppDelegate.swift */; };
		6F366EAC22F4FCC400AFB3B4 /* UsersListViewController.swift in Sources */ = {isa = PBXBuildFile; fileRef = 6F366EAB22F4FCC400AFB3B4 /* UsersListViewController.swift */; };
		6F366EAF22F4FCC400AFB3B4 /* Main.storyboard in Resources */ = {isa = PBXBuildFile; fileRef = 6F366EAD22F4FCC400AFB3B4 /* Main.storyboard */; };
		6F366EB122F4FCC500AFB3B4 /* Assets.xcassets in Resources */ = {isa = PBXBuildFile; fileRef = 6F366EB022F4FCC500AFB3B4 /* Assets.xcassets */; };
		6F366EB422F4FCC500AFB3B4 /* LaunchScreen.storyboard in Resources */ = {isa = PBXBuildFile; fileRef = 6F366EB222F4FCC500AFB3B4 /* LaunchScreen.storyboard */; };
		6F366EBF22F4FCC500AFB3B4 /* UserActivityTests.swift in Sources */ = {isa = PBXBuildFile; fileRef = 6F366EBE22F4FCC500AFB3B4 /* UserActivityTests.swift */; };
		6F366ECA22F4FCC500AFB3B4 /* UserActivityUITests.swift in Sources */ = {isa = PBXBuildFile; fileRef = 6F366EC922F4FCC500AFB3B4 /* UserActivityUITests.swift */; };
		6F366EDC22F5011100AFB3B4 /* Users.swift in Sources */ = {isa = PBXBuildFile; fileRef = 6F366ED822F5011100AFB3B4 /* Users.swift */; };
		6F366EDD22F5011100AFB3B4 /* Addres.swift in Sources */ = {isa = PBXBuildFile; fileRef = 6F366ED922F5011100AFB3B4 /* Addres.swift */; };
		6F366EDE22F5011100AFB3B4 /* Company.swift in Sources */ = {isa = PBXBuildFile; fileRef = 6F366EDA22F5011100AFB3B4 /* Company.swift */; };
		6F366EDF22F5011100AFB3B4 /* Geo.swift in Sources */ = {isa = PBXBuildFile; fileRef = 6F366EDB22F5011100AFB3B4 /* Geo.swift */; };
		6F366EE322F501D200AFB3B4 /* Posts.swift in Sources */ = {isa = PBXBuildFile; fileRef = 6F366EE222F501D200AFB3B4 /* Posts.swift */; };
		6F366EE622F5026B00AFB3B4 /* Comments.swift in Sources */ = {isa = PBXBuildFile; fileRef = 6F366EE522F5026B00AFB3B4 /* Comments.swift */; };
		6F366EEA22F502FC00AFB3B4 /* Albums.swift in Sources */ = {isa = PBXBuildFile; fileRef = 6F366EE922F502FC00AFB3B4 /* Albums.swift */; };
		6F366EEC22F5034700AFB3B4 /* Photos.swift in Sources */ = {isa = PBXBuildFile; fileRef = 6F366EEB22F5034700AFB3B4 /* Photos.swift */; };
		6F366EF222F5062600AFB3B4 /* Cell.swift in Sources */ = {isa = PBXBuildFile; fileRef = 6F366EF122F5062600AFB3B4 /* Cell.swift */; };
		6F366EF522F506EC00AFB3B4 /* UsersListCell.swift in Sources */ = {isa = PBXBuildFile; fileRef = 6F366EF422F506EC00AFB3B4 /* UsersListCell.swift */; };
		6F366EF722F507D400AFB3B4 /* UserDetailViewController.swift in Sources */ = {isa = PBXBuildFile; fileRef = 6F366EF622F507D400AFB3B4 /* UserDetailViewController.swift */; };
		6F366EF922F50CB200AFB3B4 /* Request.swift in Sources */ = {isa = PBXBuildFile; fileRef = 6F366EF822F50CB200AFB3B4 /* Request.swift */; };
		6F366EFC22F50FBC00AFB3B4 /* NetworkConnector.swift in Sources */ = {isa = PBXBuildFile; fileRef = 6F366EFB22F50FBC00AFB3B4 /* NetworkConnector.swift */; };
		6F39DB2422F73A3D00A930AA /* AlbumViewController.swift in Sources */ = {isa = PBXBuildFile; fileRef = 6F39DB2322F73A3D00A930AA /* AlbumViewController.swift */; };
		6F39DB2622F73A5200A930AA /* PhotoViewController.swift in Sources */ = {isa = PBXBuildFile; fileRef = 6F39DB2522F73A5200A930AA /* PhotoViewController.swift */; };
		6F39DB2822F73A6B00A930AA /* AlbumCell.swift in Sources */ = {isa = PBXBuildFile; fileRef = 6F39DB2722F73A6B00A930AA /* AlbumCell.swift */; };
		6F39DB2A22F73A8900A930AA /* PhotoCollectionCell.swift in Sources */ = {isa = PBXBuildFile; fileRef = 6F39DB2922F73A8900A930AA /* PhotoCollectionCell.swift */; };
		6F39DB2C22F75C3E00A930AA /* DataAdapter.swift in Sources */ = {isa = PBXBuildFile; fileRef = 6F39DB2B22F75C3E00A930AA /* DataAdapter.swift */; };
		6F39DB2E22F781A800A930AA /* DeviceInfo.swift in Sources */ = {isa = PBXBuildFile; fileRef = 6F39DB2D22F781A800A930AA /* DeviceInfo.swift */; };
		6F39DB3122F791A700A930AA /* Users.json in Resources */ = {isa = PBXBuildFile; fileRef = 6F39DB3022F791A700A930AA /* Users.json */; };
		6F39DB3222F7968900A930AA /* DataAdapter.swift in Sources */ = {isa = PBXBuildFile; fileRef = 6F39DB2B22F75C3E00A930AA /* DataAdapter.swift */; };
		6F39DB3322F7974C00A930AA /* Users.swift in Sources */ = {isa = PBXBuildFile; fileRef = 6F366ED822F5011100AFB3B4 /* Users.swift */; };
		6F39DB3422F7975000A930AA /* Geo.swift in Sources */ = {isa = PBXBuildFile; fileRef = 6F366EDB22F5011100AFB3B4 /* Geo.swift */; };
		6F39DB3522F7975300A930AA /* Company.swift in Sources */ = {isa = PBXBuildFile; fileRef = 6F366EDA22F5011100AFB3B4 /* Company.swift */; };
		6F39DB3622F7975600A930AA /* Addres.swift in Sources */ = {isa = PBXBuildFile; fileRef = 6F366ED922F5011100AFB3B4 /* Addres.swift */; };
		6F39DB3722F7977600A930AA /* Posts.swift in Sources */ = {isa = PBXBuildFile; fileRef = 6F366EE222F501D200AFB3B4 /* Posts.swift */; };
		6F39DB3822F7977D00A930AA /* Photos.swift in Sources */ = {isa = PBXBuildFile; fileRef = 6F366EEB22F5034700AFB3B4 /* Photos.swift */; };
		6F39DB3922F7978100A930AA /* Albums.swift in Sources */ = {isa = PBXBuildFile; fileRef = 6F366EE922F502FC00AFB3B4 /* Albums.swift */; };
		6F39DB3A22F7978500A930AA /* Comments.swift in Sources */ = {isa = PBXBuildFile; fileRef = 6F366EE522F5026B00AFB3B4 /* Comments.swift */; };
		6F39DB3B22F7979F00A930AA /* Request.swift in Sources */ = {isa = PBXBuildFile; fileRef = 6F366EF822F50CB200AFB3B4 /* Request.swift */; };
		6F39DB3C22F797B200A930AA /* NetworkConnector.swift in Sources */ = {isa = PBXBuildFile; fileRef = 6F366EFB22F50FBC00AFB3B4 /* NetworkConnector.swift */; };
		6F39DB3D22F797EB00A930AA /* Users.json in Resources */ = {isa = PBXBuildFile; fileRef = 6F39DB3022F791A700A930AA /* Users.json */; };
		6F39DB3F22F824AB00A930AA /* Posts.json in Resources */ = {isa = PBXBuildFile; fileRef = 6F39DB3E22F824AB00A930AA /* Posts.json */; };
		6F39DB4022F824AE00A930AA /* Posts.json in Resources */ = {isa = PBXBuildFile; fileRef = 6F39DB3E22F824AB00A930AA /* Posts.json */; };
		6F39DB4222F825C500A930AA /* AnnotationView.swift in Sources */ = {isa = PBXBuildFile; fileRef = 6F39DB4122F825C500A930AA /* AnnotationView.swift */; };
		6FA7773622F5C6AC00D5A471 /* DataContoller.swift in Sources */ = {isa = PBXBuildFile; fileRef = 6FA7773522F5C6AC00D5A471 /* DataContoller.swift */; };
		6FA7773822F6E90E00D5A471 /* PostsViewController.swift in Sources */ = {isa = PBXBuildFile; fileRef = 6FA7773722F6E90E00D5A471 /* PostsViewController.swift */; };
		6FA7773A22F6E93400D5A471 /* CommentsViewController.swift in Sources */ = {isa = PBXBuildFile; fileRef = 6FA7773922F6E93400D5A471 /* CommentsViewController.swift */; };
		6FA7773C22F6F40F00D5A471 /* TabBarController.swift in Sources */ = {isa = PBXBuildFile; fileRef = 6FA7773B22F6F40F00D5A471 /* TabBarController.swift */; };
		6FA7773E22F6F49A00D5A471 /* UserModel.swift in Sources */ = {isa = PBXBuildFile; fileRef = 6FA7773D22F6F49A00D5A471 /* UserModel.swift */; };
		6FA7774022F702B300D5A471 /* PostsListCell.swift in Sources */ = {isa = PBXBuildFile; fileRef = 6FA7773F22F702B300D5A471 /* PostsListCell.swift */; };
		6FA7774222F702C600D5A471 /* CommentsCell.swift in Sources */ = {isa = PBXBuildFile; fileRef = 6FA7774122F702C600D5A471 /* CommentsCell.swift */; };
		D2AA6313C91785A1D026569C /* Pods_UserActivityUITests.framework in Frameworks */ = {isa = PBXBuildFile; fileRef = B2B1AF43929326A31AC39253 /* Pods_UserActivityUITests.framework */; };
		E06DCFA4687C3ADB5C238136 /* Pods_UserActivity.framework in Frameworks */ = {isa = PBXBuildFile; fileRef = C3AD30446664B09E2F1A4633 /* Pods_UserActivity.framework */; };
/* End PBXBuildFile section */

/* Begin PBXContainerItemProxy section */
		6F366EBB22F4FCC500AFB3B4 /* PBXContainerItemProxy */ = {
			isa = PBXContainerItemProxy;
			containerPortal = 6F366E9E22F4FCC400AFB3B4 /* Project object */;
			proxyType = 1;
			remoteGlobalIDString = 6F366EA522F4FCC400AFB3B4;
			remoteInfo = UserActivity;
		};
		6F366EC622F4FCC500AFB3B4 /* PBXContainerItemProxy */ = {
			isa = PBXContainerItemProxy;
			containerPortal = 6F366E9E22F4FCC400AFB3B4 /* Project object */;
			proxyType = 1;
			remoteGlobalIDString = 6F366EA522F4FCC400AFB3B4;
			remoteInfo = UserActivity;
		};
/* End PBXContainerItemProxy section */

/* Begin PBXFileReference section */
		0144069585B4EAAF5F786386 /* Pods_UserActivityTests.framework */ = {isa = PBXFileReference; explicitFileType = wrapper.framework; includeInIndex = 0; path = Pods_UserActivityTests.framework; sourceTree = BUILT_PRODUCTS_DIR; };
		378AB180D2933E74E0F8E73D /* Pods-UserActivity.debug.xcconfig */ = {isa = PBXFileReference; includeInIndex = 1; lastKnownFileType = text.xcconfig; name = "Pods-UserActivity.debug.xcconfig"; path = "Target Support Files/Pods-UserActivity/Pods-UserActivity.debug.xcconfig"; sourceTree = "<group>"; };
		6F366EA622F4FCC400AFB3B4 /* UserActivity.app */ = {isa = PBXFileReference; explicitFileType = wrapper.application; includeInIndex = 0; path = UserActivity.app; sourceTree = BUILT_PRODUCTS_DIR; };
		6F366EA922F4FCC400AFB3B4 /* AppDelegate.swift */ = {isa = PBXFileReference; lastKnownFileType = sourcecode.swift; path = AppDelegate.swift; sourceTree = "<group>"; };
		6F366EAB22F4FCC400AFB3B4 /* UsersListViewController.swift */ = {isa = PBXFileReference; lastKnownFileType = sourcecode.swift; path = UsersListViewController.swift; sourceTree = "<group>"; };
		6F366EAE22F4FCC400AFB3B4 /* Base */ = {isa = PBXFileReference; lastKnownFileType = file.storyboard; name = Base; path = Base.lproj/Main.storyboard; sourceTree = "<group>"; };
		6F366EB022F4FCC500AFB3B4 /* Assets.xcassets */ = {isa = PBXFileReference; lastKnownFileType = folder.assetcatalog; path = Assets.xcassets; sourceTree = "<group>"; };
		6F366EB322F4FCC500AFB3B4 /* Base */ = {isa = PBXFileReference; lastKnownFileType = file.storyboard; name = Base; path = Base.lproj/LaunchScreen.storyboard; sourceTree = "<group>"; };
		6F366EB522F4FCC500AFB3B4 /* Info.plist */ = {isa = PBXFileReference; lastKnownFileType = text.plist.xml; path = Info.plist; sourceTree = "<group>"; };
		6F366EBA22F4FCC500AFB3B4 /* UserActivityTests.xctest */ = {isa = PBXFileReference; explicitFileType = wrapper.cfbundle; includeInIndex = 0; path = UserActivityTests.xctest; sourceTree = BUILT_PRODUCTS_DIR; };
		6F366EBE22F4FCC500AFB3B4 /* UserActivityTests.swift */ = {isa = PBXFileReference; lastKnownFileType = sourcecode.swift; path = UserActivityTests.swift; sourceTree = "<group>"; };
		6F366EC022F4FCC500AFB3B4 /* Info.plist */ = {isa = PBXFileReference; lastKnownFileType = text.plist.xml; path = Info.plist; sourceTree = "<group>"; };
		6F366EC522F4FCC500AFB3B4 /* UserActivityUITests.xctest */ = {isa = PBXFileReference; explicitFileType = wrapper.cfbundle; includeInIndex = 0; path = UserActivityUITests.xctest; sourceTree = BUILT_PRODUCTS_DIR; };
		6F366EC922F4FCC500AFB3B4 /* UserActivityUITests.swift */ = {isa = PBXFileReference; lastKnownFileType = sourcecode.swift; path = UserActivityUITests.swift; sourceTree = "<group>"; };
		6F366ECB22F4FCC500AFB3B4 /* Info.plist */ = {isa = PBXFileReference; lastKnownFileType = text.plist.xml; path = Info.plist; sourceTree = "<group>"; };
		6F366ED822F5011100AFB3B4 /* Users.swift */ = {isa = PBXFileReference; fileEncoding = 4; lastKnownFileType = sourcecode.swift; path = Users.swift; sourceTree = "<group>"; };
		6F366ED922F5011100AFB3B4 /* Addres.swift */ = {isa = PBXFileReference; fileEncoding = 4; lastKnownFileType = sourcecode.swift; path = Addres.swift; sourceTree = "<group>"; };
		6F366EDA22F5011100AFB3B4 /* Company.swift */ = {isa = PBXFileReference; fileEncoding = 4; lastKnownFileType = sourcecode.swift; path = Company.swift; sourceTree = "<group>"; };
		6F366EDB22F5011100AFB3B4 /* Geo.swift */ = {isa = PBXFileReference; fileEncoding = 4; lastKnownFileType = sourcecode.swift; path = Geo.swift; sourceTree = "<group>"; };
		6F366EE222F501D200AFB3B4 /* Posts.swift */ = {isa = PBXFileReference; fileEncoding = 4; lastKnownFileType = sourcecode.swift; path = Posts.swift; sourceTree = "<group>"; };
		6F366EE522F5026B00AFB3B4 /* Comments.swift */ = {isa = PBXFileReference; fileEncoding = 4; lastKnownFileType = sourcecode.swift; path = Comments.swift; sourceTree = "<group>"; };
		6F366EE922F502FC00AFB3B4 /* Albums.swift */ = {isa = PBXFileReference; fileEncoding = 4; lastKnownFileType = sourcecode.swift; path = Albums.swift; sourceTree = "<group>"; };
		6F366EEB22F5034700AFB3B4 /* Photos.swift */ = {isa = PBXFileReference; fileEncoding = 4; lastKnownFileType = sourcecode.swift; path = Photos.swift; sourceTree = "<group>"; };
		6F366EF122F5062600AFB3B4 /* Cell.swift */ = {isa = PBXFileReference; lastKnownFileType = sourcecode.swift; path = Cell.swift; sourceTree = "<group>"; };
		6F366EF422F506EC00AFB3B4 /* UsersListCell.swift */ = {isa = PBXFileReference; lastKnownFileType = sourcecode.swift; path = UsersListCell.swift; sourceTree = "<group>"; };
		6F366EF622F507D400AFB3B4 /* UserDetailViewController.swift */ = {isa = PBXFileReference; lastKnownFileType = sourcecode.swift; path = UserDetailViewController.swift; sourceTree = "<group>"; };
		6F366EF822F50CB200AFB3B4 /* Request.swift */ = {isa = PBXFileReference; lastKnownFileType = sourcecode.swift; path = Request.swift; sourceTree = "<group>"; };
		6F366EFB22F50FBC00AFB3B4 /* NetworkConnector.swift */ = {isa = PBXFileReference; lastKnownFileType = sourcecode.swift; path = NetworkConnector.swift; sourceTree = "<group>"; };
		6F39DB2322F73A3D00A930AA /* AlbumViewController.swift */ = {isa = PBXFileReference; lastKnownFileType = sourcecode.swift; path = AlbumViewController.swift; sourceTree = "<group>"; };
		6F39DB2522F73A5200A930AA /* PhotoViewController.swift */ = {isa = PBXFileReference; lastKnownFileType = sourcecode.swift; path = PhotoViewController.swift; sourceTree = "<group>"; };
		6F39DB2722F73A6B00A930AA /* AlbumCell.swift */ = {isa = PBXFileReference; lastKnownFileType = sourcecode.swift; path = AlbumCell.swift; sourceTree = "<group>"; };
		6F39DB2922F73A8900A930AA /* PhotoCollectionCell.swift */ = {isa = PBXFileReference; lastKnownFileType = sourcecode.swift; path = PhotoCollectionCell.swift; sourceTree = "<group>"; };
		6F39DB2B22F75C3E00A930AA /* DataAdapter.swift */ = {isa = PBXFileReference; lastKnownFileType = sourcecode.swift; path = DataAdapter.swift; sourceTree = "<group>"; };
		6F39DB2D22F781A800A930AA /* DeviceInfo.swift */ = {isa = PBXFileReference; lastKnownFileType = sourcecode.swift; path = DeviceInfo.swift; sourceTree = "<group>"; };
		6F39DB3022F791A700A930AA /* Users.json */ = {isa = PBXFileReference; lastKnownFileType = text.json; path = Users.json; sourceTree = "<group>"; };
		6F39DB3E22F824AB00A930AA /* Posts.json */ = {isa = PBXFileReference; lastKnownFileType = text.json; path = Posts.json; sourceTree = "<group>"; };
		6F39DB4122F825C500A930AA /* AnnotationView.swift */ = {isa = PBXFileReference; lastKnownFileType = sourcecode.swift; path = AnnotationView.swift; sourceTree = "<group>"; };
		6FA7773522F5C6AC00D5A471 /* DataContoller.swift */ = {isa = PBXFileReference; lastKnownFileType = sourcecode.swift; path = DataContoller.swift; sourceTree = "<group>"; };
		6FA7773722F6E90E00D5A471 /* PostsViewController.swift */ = {isa = PBXFileReference; lastKnownFileType = sourcecode.swift; path = PostsViewController.swift; sourceTree = "<group>"; };
		6FA7773922F6E93400D5A471 /* CommentsViewController.swift */ = {isa = PBXFileReference; lastKnownFileType = sourcecode.swift; path = CommentsViewController.swift; sourceTree = "<group>"; };
		6FA7773B22F6F40F00D5A471 /* TabBarController.swift */ = {isa = PBXFileReference; lastKnownFileType = sourcecode.swift; path = TabBarController.swift; sourceTree = "<group>"; };
		6FA7773D22F6F49A00D5A471 /* UserModel.swift */ = {isa = PBXFileReference; lastKnownFileType = sourcecode.swift; path = UserModel.swift; sourceTree = "<group>"; };
		6FA7773F22F702B300D5A471 /* PostsListCell.swift */ = {isa = PBXFileReference; lastKnownFileType = sourcecode.swift; path = PostsListCell.swift; sourceTree = "<group>"; };
		6FA7774122F702C600D5A471 /* CommentsCell.swift */ = {isa = PBXFileReference; lastKnownFileType = sourcecode.swift; path = CommentsCell.swift; sourceTree = "<group>"; };
		8687B399ADEC25B2B6D9978E /* Pods-UserActivity.release.xcconfig */ = {isa = PBXFileReference; includeInIndex = 1; lastKnownFileType = text.xcconfig; name = "Pods-UserActivity.release.xcconfig"; path = "Target Support Files/Pods-UserActivity/Pods-UserActivity.release.xcconfig"; sourceTree = "<group>"; };
		B2B1AF43929326A31AC39253 /* Pods_UserActivityUITests.framework */ = {isa = PBXFileReference; explicitFileType = wrapper.framework; includeInIndex = 0; path = Pods_UserActivityUITests.framework; sourceTree = BUILT_PRODUCTS_DIR; };
		B4FBCE8F0F6A3C0A7295299C /* Pods-UserActivityUITests.release.xcconfig */ = {isa = PBXFileReference; includeInIndex = 1; lastKnownFileType = text.xcconfig; name = "Pods-UserActivityUITests.release.xcconfig"; path = "Target Support Files/Pods-UserActivityUITests/Pods-UserActivityUITests.release.xcconfig"; sourceTree = "<group>"; };
		C3AD30446664B09E2F1A4633 /* Pods_UserActivity.framework */ = {isa = PBXFileReference; explicitFileType = wrapper.framework; includeInIndex = 0; path = Pods_UserActivity.framework; sourceTree = BUILT_PRODUCTS_DIR; };
		EBFF5A33AED82FE66AB4D998 /* Pods-UserActivityUITests.debug.xcconfig */ = {isa = PBXFileReference; includeInIndex = 1; lastKnownFileType = text.xcconfig; name = "Pods-UserActivityUITests.debug.xcconfig"; path = "Target Support Files/Pods-UserActivityUITests/Pods-UserActivityUITests.debug.xcconfig"; sourceTree = "<group>"; };
		ED19DF6917046178E48541DA /* Pods-UserActivityTests.debug.xcconfig */ = {isa = PBXFileReference; includeInIndex = 1; lastKnownFileType = text.xcconfig; name = "Pods-UserActivityTests.debug.xcconfig"; path = "Target Support Files/Pods-UserActivityTests/Pods-UserActivityTests.debug.xcconfig"; sourceTree = "<group>"; };
		FDC95794FF9E0901A77ABFE7 /* Pods-UserActivityTests.release.xcconfig */ = {isa = PBXFileReference; includeInIndex = 1; lastKnownFileType = text.xcconfig; name = "Pods-UserActivityTests.release.xcconfig"; path = "Target Support Files/Pods-UserActivityTests/Pods-UserActivityTests.release.xcconfig"; sourceTree = "<group>"; };
/* End PBXFileReference section */

/* Begin PBXFrameworksBuildPhase section */
		6F366EA322F4FCC400AFB3B4 /* Frameworks */ = {
			isa = PBXFrameworksBuildPhase;
			buildActionMask = 2147483647;
			files = (
				E06DCFA4687C3ADB5C238136 /* Pods_UserActivity.framework in Frameworks */,
			);
			runOnlyForDeploymentPostprocessing = 0;
		};
		6F366EB722F4FCC500AFB3B4 /* Frameworks */ = {
			isa = PBXFrameworksBuildPhase;
			buildActionMask = 2147483647;
			files = (
				63D56049510639123E13322A /* Pods_UserActivityTests.framework in Frameworks */,
			);
			runOnlyForDeploymentPostprocessing = 0;
		};
		6F366EC222F4FCC500AFB3B4 /* Frameworks */ = {
			isa = PBXFrameworksBuildPhase;
			buildActionMask = 2147483647;
			files = (
				D2AA6313C91785A1D026569C /* Pods_UserActivityUITests.framework in Frameworks */,
			);
			runOnlyForDeploymentPostprocessing = 0;
		};
/* End PBXFrameworksBuildPhase section */

/* Begin PBXGroup section */
		6F366E9D22F4FCC400AFB3B4 = {
			isa = PBXGroup;
			children = (
				6F366EA822F4FCC400AFB3B4 /* UserActivity */,
				6F366EBD22F4FCC500AFB3B4 /* UserActivityTests */,
				6F366EC822F4FCC500AFB3B4 /* UserActivityUITests */,
				6F366EA722F4FCC400AFB3B4 /* Products */,
				851C0AA72C516D59AFAF2934 /* Pods */,
				EF5098747EB30FEA809ED957 /* Frameworks */,
			);
			sourceTree = "<group>";
		};
		6F366EA722F4FCC400AFB3B4 /* Products */ = {
			isa = PBXGroup;
			children = (
				6F366EA622F4FCC400AFB3B4 /* UserActivity.app */,
				6F366EBA22F4FCC500AFB3B4 /* UserActivityTests.xctest */,
				6F366EC522F4FCC500AFB3B4 /* UserActivityUITests.xctest */,
			);
			name = Products;
			sourceTree = "<group>";
		};
		6F366EA822F4FCC400AFB3B4 /* UserActivity */ = {
			isa = PBXGroup;
			children = (
				6F39DB2F22F7918100A930AA /* Mock */,
				6FA7773422F5C63E00D5A471 /* Controller */,
				6F366EFA22F50CB700AFB3B4 /* Network */,
				6F366EF022F5061200AFB3B4 /* Protocol */,
				6F366EEE22F5036500AFB3B4 /* View */,
				6F366EED22F5035700AFB3B4 /* ViewControlller */,
				6F366ED722F4FFF400AFB3B4 /* Model */,
				6F366EA922F4FCC400AFB3B4 /* AppDelegate.swift */,
				6F366EAD22F4FCC400AFB3B4 /* Main.storyboard */,
				6F366EB022F4FCC500AFB3B4 /* Assets.xcassets */,
				6F366EB222F4FCC500AFB3B4 /* LaunchScreen.storyboard */,
				6F366EB522F4FCC500AFB3B4 /* Info.plist */,
			);
			path = UserActivity;
			sourceTree = "<group>";
		};
		6F366EBD22F4FCC500AFB3B4 /* UserActivityTests */ = {
			isa = PBXGroup;
			children = (
				6F366EBE22F4FCC500AFB3B4 /* UserActivityTests.swift */,
				6F366EC022F4FCC500AFB3B4 /* Info.plist */,
			);
			path = UserActivityTests;
			sourceTree = "<group>";
		};
		6F366EC822F4FCC500AFB3B4 /* UserActivityUITests */ = {
			isa = PBXGroup;
			children = (
				6F366EC922F4FCC500AFB3B4 /* UserActivityUITests.swift */,
				6F366ECB22F4FCC500AFB3B4 /* Info.plist */,
			);
			path = UserActivityUITests;
			sourceTree = "<group>";
		};
		6F366ED722F4FFF400AFB3B4 /* Model */ = {
			isa = PBXGroup;
			children = (
				6F366EE822F502C200AFB3B4 /* Photos */,
				6F366EE722F502B700AFB3B4 /* Albums */,
				6F366EE422F5025D00AFB3B4 /* Comments */,
				6F366EE122F501C500AFB3B4 /* Posts */,
				6F366EE022F5012100AFB3B4 /* Users */,
				6FA7773D22F6F49A00D5A471 /* UserModel.swift */,
			);
			path = Model;
			sourceTree = "<group>";
		};
		6F366EE022F5012100AFB3B4 /* Users */ = {
			isa = PBXGroup;
			children = (
				6F366ED922F5011100AFB3B4 /* Addres.swift */,
				6F366EDA22F5011100AFB3B4 /* Company.swift */,
				6F366EDB22F5011100AFB3B4 /* Geo.swift */,
				6F366ED822F5011100AFB3B4 /* Users.swift */,
			);
			path = Users;
			sourceTree = "<group>";
		};
		6F366EE122F501C500AFB3B4 /* Posts */ = {
			isa = PBXGroup;
			children = (
				6F366EE222F501D200AFB3B4 /* Posts.swift */,
			);
			path = Posts;
			sourceTree = "<group>";
		};
		6F366EE422F5025D00AFB3B4 /* Comments */ = {
			isa = PBXGroup;
			children = (
				6F366EE522F5026B00AFB3B4 /* Comments.swift */,
			);
			path = Comments;
			sourceTree = "<group>";
		};
		6F366EE722F502B700AFB3B4 /* Albums */ = {
			isa = PBXGroup;
			children = (
				6F366EE922F502FC00AFB3B4 /* Albums.swift */,
			);
			path = Albums;
			sourceTree = "<group>";
		};
		6F366EE822F502C200AFB3B4 /* Photos */ = {
			isa = PBXGroup;
			children = (
				6F366EEB22F5034700AFB3B4 /* Photos.swift */,
			);
			path = Photos;
			sourceTree = "<group>";
		};
		6F366EED22F5035700AFB3B4 /* ViewControlller */ = {
			isa = PBXGroup;
			children = (
				6F366EAB22F4FCC400AFB3B4 /* UsersListViewController.swift */,
				6F366EF622F507D400AFB3B4 /* UserDetailViewController.swift */,
				6FA7773722F6E90E00D5A471 /* PostsViewController.swift */,
				6FA7773922F6E93400D5A471 /* CommentsViewController.swift */,
				6FA7773B22F6F40F00D5A471 /* TabBarController.swift */,
				6F39DB2322F73A3D00A930AA /* AlbumViewController.swift */,
				6F39DB2522F73A5200A930AA /* PhotoViewController.swift */,
			);
			path = ViewControlller;
			sourceTree = "<group>";
		};
		6F366EEE22F5036500AFB3B4 /* View */ = {
			isa = PBXGroup;
			children = (
				6F366EF322F506CB00AFB3B4 /* Cell */,
				6F39DB4122F825C500A930AA /* AnnotationView.swift */,
			);
			path = View;
			sourceTree = "<group>";
		};
		6F366EF022F5061200AFB3B4 /* Protocol */ = {
			isa = PBXGroup;
			children = (
				6F366EF122F5062600AFB3B4 /* Cell.swift */,
			);
			path = Protocol;
			sourceTree = "<group>";
		};
		6F366EF322F506CB00AFB3B4 /* Cell */ = {
			isa = PBXGroup;
			children = (
				6F366EF422F506EC00AFB3B4 /* UsersListCell.swift */,
				6FA7773F22F702B300D5A471 /* PostsListCell.swift */,
				6FA7774122F702C600D5A471 /* CommentsCell.swift */,
				6F39DB2722F73A6B00A930AA /* AlbumCell.swift */,
				6F39DB2922F73A8900A930AA /* PhotoCollectionCell.swift */,
			);
			path = Cell;
			sourceTree = "<group>";
		};
		6F366EFA22F50CB700AFB3B4 /* Network */ = {
			isa = PBXGroup;
			children = (
				6F366EF822F50CB200AFB3B4 /* Request.swift */,
				6F366EFB22F50FBC00AFB3B4 /* NetworkConnector.swift */,
			);
			path = Network;
			sourceTree = "<group>";
		};
		6F39DB2F22F7918100A930AA /* Mock */ = {
			isa = PBXGroup;
			children = (
				6F39DB3022F791A700A930AA /* Users.json */,
				6F39DB3E22F824AB00A930AA /* Posts.json */,
			);
			path = Mock;
			sourceTree = "<group>";
		};
		6FA7773422F5C63E00D5A471 /* Controller */ = {
			isa = PBXGroup;
			children = (
				6FA7773522F5C6AC00D5A471 /* DataContoller.swift */,
				6F39DB2B22F75C3E00A930AA /* DataAdapter.swift */,
				6F39DB2D22F781A800A930AA /* DeviceInfo.swift */,
			);
			path = Controller;
			sourceTree = "<group>";
		};
		851C0AA72C516D59AFAF2934 /* Pods */ = {
			isa = PBXGroup;
			children = (
				378AB180D2933E74E0F8E73D /* Pods-UserActivity.debug.xcconfig */,
				8687B399ADEC25B2B6D9978E /* Pods-UserActivity.release.xcconfig */,
				ED19DF6917046178E48541DA /* Pods-UserActivityTests.debug.xcconfig */,
				FDC95794FF9E0901A77ABFE7 /* Pods-UserActivityTests.release.xcconfig */,
				EBFF5A33AED82FE66AB4D998 /* Pods-UserActivityUITests.debug.xcconfig */,
				B4FBCE8F0F6A3C0A7295299C /* Pods-UserActivityUITests.release.xcconfig */,
			);
			path = Pods;
			sourceTree = "<group>";
		};
		EF5098747EB30FEA809ED957 /* Frameworks */ = {
			isa = PBXGroup;
			children = (
				C3AD30446664B09E2F1A4633 /* Pods_UserActivity.framework */,
				0144069585B4EAAF5F786386 /* Pods_UserActivityTests.framework */,
				B2B1AF43929326A31AC39253 /* Pods_UserActivityUITests.framework */,
			);
			name = Frameworks;
			sourceTree = "<group>";
		};
/* End PBXGroup section */

/* Begin PBXNativeTarget section */
		6F366EA522F4FCC400AFB3B4 /* UserActivity */ = {
			isa = PBXNativeTarget;
			buildConfigurationList = 6F366ECE22F4FCC500AFB3B4 /* Build configuration list for PBXNativeTarget "UserActivity" */;
			buildPhases = (
				A4B3F803A19CDB1AE0E3667F /* [CP] Check Pods Manifest.lock */,
				6F366EA222F4FCC400AFB3B4 /* Sources */,
				6F366EA322F4FCC400AFB3B4 /* Frameworks */,
				6F366EA422F4FCC400AFB3B4 /* Resources */,
				76B1282DC324F1D9021CCB33 /* [CP] Embed Pods Frameworks */,
			);
			buildRules = (
			);
			dependencies = (
			);
			name = UserActivity;
			productName = UserActivity;
			productReference = 6F366EA622F4FCC400AFB3B4 /* UserActivity.app */;
			productType = "com.apple.product-type.application";
		};
		6F366EB922F4FCC500AFB3B4 /* UserActivityTests */ = {
			isa = PBXNativeTarget;
			buildConfigurationList = 6F366ED122F4FCC500AFB3B4 /* Build configuration list for PBXNativeTarget "UserActivityTests" */;
			buildPhases = (
				6FD5E1F5F32C472368C1CB80 /* [CP] Check Pods Manifest.lock */,
				6F366EB622F4FCC500AFB3B4 /* Sources */,
				6F366EB722F4FCC500AFB3B4 /* Frameworks */,
				6F366EB822F4FCC500AFB3B4 /* Resources */,
			);
			buildRules = (
			);
			dependencies = (
				6F366EBC22F4FCC500AFB3B4 /* PBXTargetDependency */,
			);
			name = UserActivityTests;
			productName = UserActivityTests;
			productReference = 6F366EBA22F4FCC500AFB3B4 /* UserActivityTests.xctest */;
			productType = "com.apple.product-type.bundle.unit-test";
		};
		6F366EC422F4FCC500AFB3B4 /* UserActivityUITests */ = {
			isa = PBXNativeTarget;
			buildConfigurationList = 6F366ED422F4FCC500AFB3B4 /* Build configuration list for PBXNativeTarget "UserActivityUITests" */;
			buildPhases = (
				6E7F8BE0922E0FB5797787C7 /* [CP] Check Pods Manifest.lock */,
				6F366EC122F4FCC500AFB3B4 /* Sources */,
				6F366EC222F4FCC500AFB3B4 /* Frameworks */,
				6F366EC322F4FCC500AFB3B4 /* Resources */,
				8850241E04510989F9E01875 /* [CP] Embed Pods Frameworks */,
			);
			buildRules = (
			);
			dependencies = (
				6F366EC722F4FCC500AFB3B4 /* PBXTargetDependency */,
			);
			name = UserActivityUITests;
			productName = UserActivityUITests;
			productReference = 6F366EC522F4FCC500AFB3B4 /* UserActivityUITests.xctest */;
			productType = "com.apple.product-type.bundle.ui-testing";
		};
/* End PBXNativeTarget section */

/* Begin PBXProject section */
		6F366E9E22F4FCC400AFB3B4 /* Project object */ = {
			isa = PBXProject;
			attributes = {
				LastSwiftUpdateCheck = 1030;
				LastUpgradeCheck = 1030;
				ORGANIZATIONNAME = system;
				TargetAttributes = {
					6F366EA522F4FCC400AFB3B4 = {
						CreatedOnToolsVersion = 10.3;
					};
					6F366EB922F4FCC500AFB3B4 = {
						CreatedOnToolsVersion = 10.3;
						TestTargetID = 6F366EA522F4FCC400AFB3B4;
					};
					6F366EC422F4FCC500AFB3B4 = {
						CreatedOnToolsVersion = 10.3;
						TestTargetID = 6F366EA522F4FCC400AFB3B4;
					};
				};
			};
			buildConfigurationList = 6F366EA122F4FCC400AFB3B4 /* Build configuration list for PBXProject "UserActivity" */;
			compatibilityVersion = "Xcode 9.3";
			developmentRegion = en;
			hasScannedForEncodings = 0;
			knownRegions = (
				en,
				Base,
			);
			mainGroup = 6F366E9D22F4FCC400AFB3B4;
			productRefGroup = 6F366EA722F4FCC400AFB3B4 /* Products */;
			projectDirPath = "";
			projectRoot = "";
			targets = (
				6F366EA522F4FCC400AFB3B4 /* UserActivity */,
				6F366EB922F4FCC500AFB3B4 /* UserActivityTests */,
				6F366EC422F4FCC500AFB3B4 /* UserActivityUITests */,
			);
		};
/* End PBXProject section */

/* Begin PBXResourcesBuildPhase section */
		6F366EA422F4FCC400AFB3B4 /* Resources */ = {
			isa = PBXResourcesBuildPhase;
			buildActionMask = 2147483647;
			files = (
				6F39DB3F22F824AB00A930AA /* Posts.json in Resources */,
				6F39DB3122F791A700A930AA /* Users.json in Resources */,
				6F366EB422F4FCC500AFB3B4 /* LaunchScreen.storyboard in Resources */,
				6F366EB122F4FCC500AFB3B4 /* Assets.xcassets in Resources */,
				6F366EAF22F4FCC400AFB3B4 /* Main.storyboard in Resources */,
			);
			runOnlyForDeploymentPostprocessing = 0;
		};
		6F366EB822F4FCC500AFB3B4 /* Resources */ = {
			isa = PBXResourcesBuildPhase;
			buildActionMask = 2147483647;
			files = (
				6F39DB4022F824AE00A930AA /* Posts.json in Resources */,
				6F39DB3D22F797EB00A930AA /* Users.json in Resources */,
			);
			runOnlyForDeploymentPostprocessing = 0;
		};
		6F366EC322F4FCC500AFB3B4 /* Resources */ = {
			isa = PBXResourcesBuildPhase;
			buildActionMask = 2147483647;
			files = (
			);
			runOnlyForDeploymentPostprocessing = 0;
		};
/* End PBXResourcesBuildPhase section */

/* Begin PBXShellScriptBuildPhase section */
		6E7F8BE0922E0FB5797787C7 /* [CP] Check Pods Manifest.lock */ = {
			isa = PBXShellScriptBuildPhase;
			buildActionMask = 2147483647;
			files = (
			);
			inputFileListPaths = (
			);
			inputPaths = (
				"${PODS_PODFILE_DIR_PATH}/Podfile.lock",
				"${PODS_ROOT}/Manifest.lock",
			);
			name = "[CP] Check Pods Manifest.lock";
			outputFileListPaths = (
			);
			outputPaths = (
				"$(DERIVED_FILE_DIR)/Pods-UserActivityUITests-checkManifestLockResult.txt",
			);
			runOnlyForDeploymentPostprocessing = 0;
			shellPath = /bin/sh;
			shellScript = "diff \"${PODS_PODFILE_DIR_PATH}/Podfile.lock\" \"${PODS_ROOT}/Manifest.lock\" > /dev/null\nif [ $? != 0 ] ; then\n    # print error to STDERR\n    echo \"error: The sandbox is not in sync with the Podfile.lock. Run 'pod install' or update your CocoaPods installation.\" >&2\n    exit 1\nfi\n# This output is used by Xcode 'outputs' to avoid re-running this script phase.\necho \"SUCCESS\" > \"${SCRIPT_OUTPUT_FILE_0}\"\n";
			showEnvVarsInLog = 0;
		};
		6FD5E1F5F32C472368C1CB80 /* [CP] Check Pods Manifest.lock */ = {
			isa = PBXShellScriptBuildPhase;
			buildActionMask = 2147483647;
			files = (
			);
			inputFileListPaths = (
			);
			inputPaths = (
				"${PODS_PODFILE_DIR_PATH}/Podfile.lock",
				"${PODS_ROOT}/Manifest.lock",
			);
			name = "[CP] Check Pods Manifest.lock";
			outputFileListPaths = (
			);
			outputPaths = (
				"$(DERIVED_FILE_DIR)/Pods-UserActivityTests-checkManifestLockResult.txt",
			);
			runOnlyForDeploymentPostprocessing = 0;
			shellPath = /bin/sh;
			shellScript = "diff \"${PODS_PODFILE_DIR_PATH}/Podfile.lock\" \"${PODS_ROOT}/Manifest.lock\" > /dev/null\nif [ $? != 0 ] ; then\n    # print error to STDERR\n    echo \"error: The sandbox is not in sync with the Podfile.lock. Run 'pod install' or update your CocoaPods installation.\" >&2\n    exit 1\nfi\n# This output is used by Xcode 'outputs' to avoid re-running this script phase.\necho \"SUCCESS\" > \"${SCRIPT_OUTPUT_FILE_0}\"\n";
			showEnvVarsInLog = 0;
		};
		76B1282DC324F1D9021CCB33 /* [CP] Embed Pods Frameworks */ = {
			isa = PBXShellScriptBuildPhase;
			buildActionMask = 2147483647;
			files = (
			);
			inputFileListPaths = (
			);
			inputPaths = (
				"${PODS_ROOT}/Target Support Files/Pods-UserActivity/Pods-UserActivity-frameworks.sh",
				"${BUILT_PRODUCTS_DIR}/IHProgressHUD/IHProgressHUD.framework",
				"${BUILT_PRODUCTS_DIR}/Nuke/Nuke.framework",
				"${BUILT_PRODUCTS_DIR}/ReachabilitySwift/Reachability.framework",
				"${BUILT_PRODUCTS_DIR}/SDWebImage/SDWebImage.framework",
				"${BUILT_PRODUCTS_DIR}/SwiftyJSON/SwiftyJSON.framework",
			);
			name = "[CP] Embed Pods Frameworks";
			outputFileListPaths = (
			);
			outputPaths = (
				"${TARGET_BUILD_DIR}/${FRAMEWORKS_FOLDER_PATH}/IHProgressHUD.framework",
				"${TARGET_BUILD_DIR}/${FRAMEWORKS_FOLDER_PATH}/Nuke.framework",
				"${TARGET_BUILD_DIR}/${FRAMEWORKS_FOLDER_PATH}/Reachability.framework",
				"${TARGET_BUILD_DIR}/${FRAMEWORKS_FOLDER_PATH}/SDWebImage.framework",
				"${TARGET_BUILD_DIR}/${FRAMEWORKS_FOLDER_PATH}/SwiftyJSON.framework",
			);
			runOnlyForDeploymentPostprocessing = 0;
			shellPath = /bin/sh;
			shellScript = "\"${PODS_ROOT}/Target Support Files/Pods-UserActivity/Pods-UserActivity-frameworks.sh\"\n";
			showEnvVarsInLog = 0;
		};
		8850241E04510989F9E01875 /* [CP] Embed Pods Frameworks */ = {
			isa = PBXShellScriptBuildPhase;
			buildActionMask = 2147483647;
			files = (
			);
			inputFileListPaths = (
			);
			inputPaths = (
				"${PODS_ROOT}/Target Support Files/Pods-UserActivityUITests/Pods-UserActivityUITests-frameworks.sh",
				"${BUILT_PRODUCTS_DIR}/IHProgressHUD/IHProgressHUD.framework",
				"${BUILT_PRODUCTS_DIR}/Nuke/Nuke.framework",
				"${BUILT_PRODUCTS_DIR}/ReachabilitySwift/Reachability.framework",
				"${BUILT_PRODUCTS_DIR}/SDWebImage/SDWebImage.framework",
				"${BUILT_PRODUCTS_DIR}/SwiftyJSON/SwiftyJSON.framework",
			);
			name = "[CP] Embed Pods Frameworks";
			outputFileListPaths = (
			);
			outputPaths = (
				"${TARGET_BUILD_DIR}/${FRAMEWORKS_FOLDER_PATH}/IHProgressHUD.framework",
				"${TARGET_BUILD_DIR}/${FRAMEWORKS_FOLDER_PATH}/Nuke.framework",
				"${TARGET_BUILD_DIR}/${FRAMEWORKS_FOLDER_PATH}/Reachability.framework",
				"${TARGET_BUILD_DIR}/${FRAMEWORKS_FOLDER_PATH}/SDWebImage.framework",
				"${TARGET_BUILD_DIR}/${FRAMEWORKS_FOLDER_PATH}/SwiftyJSON.framework",
			);
			runOnlyForDeploymentPostprocessing = 0;
			shellPath = /bin/sh;
			shellScript = "\"${PODS_ROOT}/Target Support Files/Pods-UserActivityUITests/Pods-UserActivityUITests-frameworks.sh\"\n";
			showEnvVarsInLog = 0;
		};
		A4B3F803A19CDB1AE0E3667F /* [CP] Check Pods Manifest.lock */ = {
			isa = PBXShellScriptBuildPhase;
			buildActionMask = 2147483647;
			files = (
			);
			inputFileListPaths = (
			);
			inputPaths = (
				"${PODS_PODFILE_DIR_PATH}/Podfile.lock",
				"${PODS_ROOT}/Manifest.lock",
			);
			name = "[CP] Check Pods Manifest.lock";
			outputFileListPaths = (
			);
			outputPaths = (
				"$(DERIVED_FILE_DIR)/Pods-UserActivity-checkManifestLockResult.txt",
			);
			runOnlyForDeploymentPostprocessing = 0;
			shellPath = /bin/sh;
			shellScript = "diff \"${PODS_PODFILE_DIR_PATH}/Podfile.lock\" \"${PODS_ROOT}/Manifest.lock\" > /dev/null\nif [ $? != 0 ] ; then\n    # print error to STDERR\n    echo \"error: The sandbox is not in sync with the Podfile.lock. Run 'pod install' or update your CocoaPods installation.\" >&2\n    exit 1\nfi\n# This output is used by Xcode 'outputs' to avoid re-running this script phase.\necho \"SUCCESS\" > \"${SCRIPT_OUTPUT_FILE_0}\"\n";
			showEnvVarsInLog = 0;
		};
/* End PBXShellScriptBuildPhase section */

/* Begin PBXSourcesBuildPhase section */
		6F366EA222F4FCC400AFB3B4 /* Sources */ = {
			isa = PBXSourcesBuildPhase;
			buildActionMask = 2147483647;
			files = (
				6F366EF522F506EC00AFB3B4 /* UsersListCell.swift in Sources */,
				6F366EAC22F4FCC400AFB3B4 /* UsersListViewController.swift in Sources */,
				6FA7773822F6E90E00D5A471 /* PostsViewController.swift in Sources */,
				6F366EF722F507D400AFB3B4 /* UserDetailViewController.swift in Sources */,
				6F366EE322F501D200AFB3B4 /* Posts.swift in Sources */,
				6F39DB2622F73A5200A930AA /* PhotoViewController.swift in Sources */,
				6F366EDC22F5011100AFB3B4 /* Users.swift in Sources */,
				6F39DB2E22F781A800A930AA /* DeviceInfo.swift in Sources */,
				6F366EDD22F5011100AFB3B4 /* Addres.swift in Sources */,
				6F366EFC22F50FBC00AFB3B4 /* NetworkConnector.swift in Sources */,
				6FA7773A22F6E93400D5A471 /* CommentsViewController.swift in Sources */,
				6F366EDE22F5011100AFB3B4 /* Company.swift in Sources */,
				6FA7773C22F6F40F00D5A471 /* TabBarController.swift in Sources */,
				6F39DB2822F73A6B00A930AA /* AlbumCell.swift in Sources */,
				6FA7774022F702B300D5A471 /* PostsListCell.swift in Sources */,
				6F366EAA22F4FCC400AFB3B4 /* AppDelegate.swift in Sources */,
				6F366EEA22F502FC00AFB3B4 /* Albums.swift in Sources */,
				6F39DB2C22F75C3E00A930AA /* DataAdapter.swift in Sources */,
				6F39DB4222F825C500A930AA /* AnnotationView.swift in Sources */,
				6FA7773622F5C6AC00D5A471 /* DataContoller.swift in Sources */,
				6F366EDF22F5011100AFB3B4 /* Geo.swift in Sources */,
				6F39DB2A22F73A8900A930AA /* PhotoCollectionCell.swift in Sources */,
				6F366EF222F5062600AFB3B4 /* Cell.swift in Sources */,
				6FA7774222F702C600D5A471 /* CommentsCell.swift in Sources */,
				6F39DB2422F73A3D00A930AA /* AlbumViewController.swift in Sources */,
				6F366EF922F50CB200AFB3B4 /* Request.swift in Sources */,
				6F366EEC22F5034700AFB3B4 /* Photos.swift in Sources */,
				6FA7773E22F6F49A00D5A471 /* UserModel.swift in Sources */,
				6F366EE622F5026B00AFB3B4 /* Comments.swift in Sources */,
			);
			runOnlyForDeploymentPostprocessing = 0;
		};
		6F366EB622F4FCC500AFB3B4 /* Sources */ = {
			isa = PBXSourcesBuildPhase;
			buildActionMask = 2147483647;
			files = (
				6F39DB3622F7975600A930AA /* Addres.swift in Sources */,
				6F39DB3A22F7978500A930AA /* Comments.swift in Sources */,
				6F39DB3722F7977600A930AA /* Posts.swift in Sources */,
				6F366EBF22F4FCC500AFB3B4 /* UserActivityTests.swift in Sources */,
				6F39DB3B22F7979F00A930AA /* Request.swift in Sources */,
				6F39DB3322F7974C00A930AA /* Users.swift in Sources */,
				6F39DB3C22F797B200A930AA /* NetworkConnector.swift in Sources */,
				6F39DB3822F7977D00A930AA /* Photos.swift in Sources */,
				6F39DB3222F7968900A930AA /* DataAdapter.swift in Sources */,
				6F39DB3922F7978100A930AA /* Albums.swift in Sources */,
				6F39DB3522F7975300A930AA /* Company.swift in Sources */,
				6F39DB3422F7975000A930AA /* Geo.swift in Sources */,
			);
			runOnlyForDeploymentPostprocessing = 0;
		};
		6F366EC122F4FCC500AFB3B4 /* Sources */ = {
			isa = PBXSourcesBuildPhase;
			buildActionMask = 2147483647;
			files = (
				6F366ECA22F4FCC500AFB3B4 /* UserActivityUITests.swift in Sources */,
			);
			runOnlyForDeploymentPostprocessing = 0;
		};
/* End PBXSourcesBuildPhase section */

/* Begin PBXTargetDependency section */
		6F366EBC22F4FCC500AFB3B4 /* PBXTargetDependency */ = {
			isa = PBXTargetDependency;
			target = 6F366EA522F4FCC400AFB3B4 /* UserActivity */;
			targetProxy = 6F366EBB22F4FCC500AFB3B4 /* PBXContainerItemProxy */;
		};
		6F366EC722F4FCC500AFB3B4 /* PBXTargetDependency */ = {
			isa = PBXTargetDependency;
			target = 6F366EA522F4FCC400AFB3B4 /* UserActivity */;
			targetProxy = 6F366EC622F4FCC500AFB3B4 /* PBXContainerItemProxy */;
		};
/* End PBXTargetDependency section */

/* Begin PBXVariantGroup section */
		6F366EAD22F4FCC400AFB3B4 /* Main.storyboard */ = {
			isa = PBXVariantGroup;
			children = (
				6F366EAE22F4FCC400AFB3B4 /* Base */,
			);
			name = Main.storyboard;
			sourceTree = "<group>";
		};
		6F366EB222F4FCC500AFB3B4 /* LaunchScreen.storyboard */ = {
			isa = PBXVariantGroup;
			children = (
				6F366EB322F4FCC500AFB3B4 /* Base */,
			);
			name = LaunchScreen.storyboard;
			sourceTree = "<group>";
		};
/* End PBXVariantGroup section */

/* Begin XCBuildConfiguration section */
		6F366ECC22F4FCC500AFB3B4 /* Debug */ = {
			isa = XCBuildConfiguration;
			buildSettings = {
				ALWAYS_SEARCH_USER_PATHS = NO;
				CLANG_ANALYZER_NONNULL = YES;
				CLANG_ANALYZER_NUMBER_OBJECT_CONVERSION = YES_AGGRESSIVE;
				CLANG_CXX_LANGUAGE_STANDARD = "gnu++14";
				CLANG_CXX_LIBRARY = "libc++";
				CLANG_ENABLE_MODULES = YES;
				CLANG_ENABLE_OBJC_ARC = YES;
				CLANG_ENABLE_OBJC_WEAK = YES;
				CLANG_WARN_BLOCK_CAPTURE_AUTORELEASING = YES;
				CLANG_WARN_BOOL_CONVERSION = YES;
				CLANG_WARN_COMMA = YES;
				CLANG_WARN_CONSTANT_CONVERSION = YES;
				CLANG_WARN_DEPRECATED_OBJC_IMPLEMENTATIONS = YES;
				CLANG_WARN_DIRECT_OBJC_ISA_USAGE = YES_ERROR;
				CLANG_WARN_DOCUMENTATION_COMMENTS = YES;
				CLANG_WARN_EMPTY_BODY = YES;
				CLANG_WARN_ENUM_CONVERSION = YES;
				CLANG_WARN_INFINITE_RECURSION = YES;
				CLANG_WARN_INT_CONVERSION = YES;
				CLANG_WARN_NON_LITERAL_NULL_CONVERSION = YES;
				CLANG_WARN_OBJC_IMPLICIT_RETAIN_SELF = YES;
				CLANG_WARN_OBJC_LITERAL_CONVERSION = YES;
				CLANG_WARN_OBJC_ROOT_CLASS = YES_ERROR;
				CLANG_WARN_RANGE_LOOP_ANALYSIS = YES;
				CLANG_WARN_STRICT_PROTOTYPES = YES;
				CLANG_WARN_SUSPICIOUS_MOVE = YES;
				CLANG_WARN_UNGUARDED_AVAILABILITY = YES_AGGRESSIVE;
				CLANG_WARN_UNREACHABLE_CODE = YES;
				CLANG_WARN__DUPLICATE_METHOD_MATCH = YES;
				CODE_SIGN_IDENTITY = "iPhone Developer";
				COPY_PHASE_STRIP = NO;
				DEBUG_INFORMATION_FORMAT = dwarf;
				ENABLE_STRICT_OBJC_MSGSEND = YES;
				ENABLE_TESTABILITY = YES;
				GCC_C_LANGUAGE_STANDARD = gnu11;
				GCC_DYNAMIC_NO_PIC = NO;
				GCC_NO_COMMON_BLOCKS = YES;
				GCC_OPTIMIZATION_LEVEL = 0;
				GCC_PREPROCESSOR_DEFINITIONS = (
					"DEBUG=1",
					"$(inherited)",
				);
				GCC_WARN_64_TO_32_BIT_CONVERSION = YES;
				GCC_WARN_ABOUT_RETURN_TYPE = YES_ERROR;
				GCC_WARN_UNDECLARED_SELECTOR = YES;
				GCC_WARN_UNINITIALIZED_AUTOS = YES_AGGRESSIVE;
				GCC_WARN_UNUSED_FUNCTION = YES;
				GCC_WARN_UNUSED_VARIABLE = YES;
				IPHONEOS_DEPLOYMENT_TARGET = 12.2;
				MTL_ENABLE_DEBUG_INFO = INCLUDE_SOURCE;
				MTL_FAST_MATH = YES;
				ONLY_ACTIVE_ARCH = YES;
				SDKROOT = iphoneos;
				SWIFT_ACTIVE_COMPILATION_CONDITIONS = DEBUG;
				SWIFT_OPTIMIZATION_LEVEL = "-Onone";
			};
			name = Debug;
		};
		6F366ECD22F4FCC500AFB3B4 /* Release */ = {
			isa = XCBuildConfiguration;
			buildSettings = {
				ALWAYS_SEARCH_USER_PATHS = NO;
				CLANG_ANALYZER_NONNULL = YES;
				CLANG_ANALYZER_NUMBER_OBJECT_CONVERSION = YES_AGGRESSIVE;
				CLANG_CXX_LANGUAGE_STANDARD = "gnu++14";
				CLANG_CXX_LIBRARY = "libc++";
				CLANG_ENABLE_MODULES = YES;
				CLANG_ENABLE_OBJC_ARC = YES;
				CLANG_ENABLE_OBJC_WEAK = YES;
				CLANG_WARN_BLOCK_CAPTURE_AUTORELEASING = YES;
				CLANG_WARN_BOOL_CONVERSION = YES;
				CLANG_WARN_COMMA = YES;
				CLANG_WARN_CONSTANT_CONVERSION = YES;
				CLANG_WARN_DEPRECATED_OBJC_IMPLEMENTATIONS = YES;
				CLANG_WARN_DIRECT_OBJC_ISA_USAGE = YES_ERROR;
				CLANG_WARN_DOCUMENTATION_COMMENTS = YES;
				CLANG_WARN_EMPTY_BODY = YES;
				CLANG_WARN_ENUM_CONVERSION = YES;
				CLANG_WARN_INFINITE_RECURSION = YES;
				CLANG_WARN_INT_CONVERSION = YES;
				CLANG_WARN_NON_LITERAL_NULL_CONVERSION = YES;
				CLANG_WARN_OBJC_IMPLICIT_RETAIN_SELF = YES;
				CLANG_WARN_OBJC_LITERAL_CONVERSION = YES;
				CLANG_WARN_OBJC_ROOT_CLASS = YES_ERROR;
				CLANG_WARN_RANGE_LOOP_ANALYSIS = YES;
				CLANG_WARN_STRICT_PROTOTYPES = YES;
				CLANG_WARN_SUSPICIOUS_MOVE = YES;
				CLANG_WARN_UNGUARDED_AVAILABILITY = YES_AGGRESSIVE;
				CLANG_WARN_UNREACHABLE_CODE = YES;
				CLANG_WARN__DUPLICATE_METHOD_MATCH = YES;
				CODE_SIGN_IDENTITY = "iPhone Developer";
				COPY_PHASE_STRIP = NO;
				DEBUG_INFORMATION_FORMAT = "dwarf-with-dsym";
				ENABLE_NS_ASSERTIONS = NO;
				ENABLE_STRICT_OBJC_MSGSEND = YES;
				GCC_C_LANGUAGE_STANDARD = gnu11;
				GCC_NO_COMMON_BLOCKS = YES;
				GCC_WARN_64_TO_32_BIT_CONVERSION = YES;
				GCC_WARN_ABOUT_RETURN_TYPE = YES_ERROR;
				GCC_WARN_UNDECLARED_SELECTOR = YES;
				GCC_WARN_UNINITIALIZED_AUTOS = YES_AGGRESSIVE;
				GCC_WARN_UNUSED_FUNCTION = YES;
				GCC_WARN_UNUSED_VARIABLE = YES;
				IPHONEOS_DEPLOYMENT_TARGET = 12.2;
				MTL_ENABLE_DEBUG_INFO = NO;
				MTL_FAST_MATH = YES;
				SDKROOT = iphoneos;
				SWIFT_COMPILATION_MODE = wholemodule;
				SWIFT_OPTIMIZATION_LEVEL = "-O";
				VALIDATE_PRODUCT = YES;
			};
			name = Release;
		};
		6F366ECF22F4FCC500AFB3B4 /* Debug */ = {
			isa = XCBuildConfiguration;
			baseConfigurationReference = 378AB180D2933E74E0F8E73D /* Pods-UserActivity.debug.xcconfig */;
			buildSettings = {
				ASSETCATALOG_COMPILER_APPICON_NAME = AppIcon;
				CODE_SIGN_IDENTITY = "iPhone Developer";
				CODE_SIGN_STYLE = Automatic;
				DEVELOPMENT_TEAM = 6Z8GN8WKY7;
				INFOPLIST_FILE = UserActivity/Info.plist;
				IPHONEOS_DEPLOYMENT_TARGET = 12.2;
				LD_RUNPATH_SEARCH_PATHS = (
					"$(inherited)",
					"@executable_path/Frameworks",
				);
				PRODUCT_BUNDLE_IDENTIFIER = com.sample.UserActivity;
				PRODUCT_NAME = "$(TARGET_NAME)";
				PROVISIONING_PROFILE_SPECIFIER = "";
				SWIFT_VERSION = 5.0;
				TARGETED_DEVICE_FAMILY = "1,2";
			};
			name = Debug;
		};
		6F366ED022F4FCC500AFB3B4 /* Release */ = {
			isa = XCBuildConfiguration;
			baseConfigurationReference = 8687B399ADEC25B2B6D9978E /* Pods-UserActivity.release.xcconfig */;
			buildSettings = {
				ASSETCATALOG_COMPILER_APPICON_NAME = AppIcon;
				CODE_SIGN_IDENTITY = "iPhone Developer";
				CODE_SIGN_STYLE = Automatic;
				DEVELOPMENT_TEAM = 6Z8GN8WKY7;
				INFOPLIST_FILE = UserActivity/Info.plist;
				IPHONEOS_DEPLOYMENT_TARGET = 12.2;
				LD_RUNPATH_SEARCH_PATHS = (
					"$(inherited)",
					"@executable_path/Frameworks",
				);
				PRODUCT_BUNDLE_IDENTIFIER = com.sample.UserActivity;
				PRODUCT_NAME = "$(TARGET_NAME)";
				PROVISIONING_PROFILE_SPECIFIER = "";
				SWIFT_VERSION = 5.0;
				TARGETED_DEVICE_FAMILY = "1,2";
			};
			name = Release;
		};
		6F366ED222F4FCC500AFB3B4 /* Debug */ = {
			isa = XCBuildConfiguration;
			baseConfigurationReference = ED19DF6917046178E48541DA /* Pods-UserActivityTests.debug.xcconfig */;
			buildSettings = {
				ALWAYS_EMBED_SWIFT_STANDARD_LIBRARIES = YES;
				BUNDLE_LOADER = "$(TEST_HOST)";
				CODE_SIGN_STYLE = Automatic;
				INFOPLIST_FILE = UserActivityTests/Info.plist;
				LD_RUNPATH_SEARCH_PATHS = (
					"$(inherited)",
					"@executable_path/Frameworks",
					"@loader_path/Frameworks",
				);
				PRODUCT_BUNDLE_IDENTIFIER = com.sample.UserActivityTests;
				PRODUCT_NAME = "$(TARGET_NAME)";
				SWIFT_VERSION = 5.0;
				TARGETED_DEVICE_FAMILY = "1,2";
				TEST_HOST = "$(BUILT_PRODUCTS_DIR)/UserActivity.app/UserActivity";
			};
			name = Debug;
		};
		6F366ED322F4FCC500AFB3B4 /* Release */ = {
			isa = XCBuildConfiguration;
			baseConfigurationReference = FDC95794FF9E0901A77ABFE7 /* Pods-UserActivityTests.release.xcconfig */;
			buildSettings = {
				ALWAYS_EMBED_SWIFT_STANDARD_LIBRARIES = YES;
				BUNDLE_LOADER = "$(TEST_HOST)";
				CODE_SIGN_STYLE = Automatic;
				INFOPLIST_FILE = UserActivityTests/Info.plist;
				LD_RUNPATH_SEARCH_PATHS = (
					"$(inherited)",
					"@executable_path/Frameworks",
					"@loader_path/Frameworks",
				);
				PRODUCT_BUNDLE_IDENTIFIER = com.sample.UserActivityTests;
				PRODUCT_NAME = "$(TARGET_NAME)";
				SWIFT_VERSION = 5.0;
				TARGETED_DEVICE_FAMILY = "1,2";
				TEST_HOST = "$(BUILT_PRODUCTS_DIR)/UserActivity.app/UserActivity";
			};
			name = Release;
		};
		6F366ED522F4FCC500AFB3B4 /* Debug */ = {
			isa = XCBuildConfiguration;
			baseConfigurationReference = EBFF5A33AED82FE66AB4D998 /* Pods-UserActivityUITests.debug.xcconfig */;
			buildSettings = {
				ALWAYS_EMBED_SWIFT_STANDARD_LIBRARIES = YES;
				CODE_SIGN_STYLE = Automatic;
				INFOPLIST_FILE = UserActivityUITests/Info.plist;
				LD_RUNPATH_SEARCH_PATHS = (
					"$(inherited)",
					"@executable_path/Frameworks",
					"@loader_path/Frameworks",
				);
				PRODUCT_BUNDLE_IDENTIFIER = com.sample.UserActivityUITests;
				PRODUCT_NAME = "$(TARGET_NAME)";
				SWIFT_VERSION = 5.0;
				TARGETED_DEVICE_FAMILY = "1,2";
				TEST_TARGET_NAME = UserActivity;
			};
			name = Debug;
		};
		6F366ED622F4FCC500AFB3B4 /* Release */ = {
			isa = XCBuildConfiguration;
			baseConfigurationReference = B4FBCE8F0F6A3C0A7295299C /* Pods-UserActivityUITests.release.xcconfig */;
			buildSettings = {
				ALWAYS_EMBED_SWIFT_STANDARD_LIBRARIES = YES;
				CODE_SIGN_STYLE = Automatic;
				INFOPLIST_FILE = UserActivityUITests/Info.plist;
				LD_RUNPATH_SEARCH_PATHS = (
					"$(inherited)",
					"@executable_path/Frameworks",
					"@loader_path/Frameworks",
				);
				PRODUCT_BUNDLE_IDENTIFIER = com.sample.UserActivityUITests;
				PRODUCT_NAME = "$(TARGET_NAME)";
				SWIFT_VERSION = 5.0;
				TARGETED_DEVICE_FAMILY = "1,2";
				TEST_TARGET_NAME = UserActivity;
			};
			name = Release;
		};
/* End XCBuildConfiguration section */

/* Begin XCConfigurationList section */
		6F366EA122F4FCC400AFB3B4 /* Build configuration list for PBXProject "UserActivity" */ = {
			isa = XCConfigurationList;
			buildConfigurations = (
				6F366ECC22F4FCC500AFB3B4 /* Debug */,
				6F366ECD22F4FCC500AFB3B4 /* Release */,
			);
			defaultConfigurationIsVisible = 0;
			defaultConfigurationName = Debug;
		};
		6F366ECE22F4FCC500AFB3B4 /* Build configuration list for PBXNativeTarget "UserActivity" */ = {
			isa = XCConfigurationList;
			buildConfigurations = (
				6F366ECF22F4FCC500AFB3B4 /* Debug */,
				6F366ED022F4FCC500AFB3B4 /* Release */,
			);
			defaultConfigurationIsVisible = 0;
			defaultConfigurationName = Debug;
		};
		6F366ED122F4FCC500AFB3B4 /* Build configuration list for PBXNativeTarget "UserActivityTests" */ = {
			isa = XCConfigurationList;
			buildConfigurations = (
				6F366ED222F4FCC500AFB3B4 /* Debug */,
				6F366ED322F4FCC500AFB3B4 /* Release */,
			);
			defaultConfigurationIsVisible = 0;
			defaultConfigurationName = Debug;
		};
		6F366ED422F4FCC500AFB3B4 /* Build configuration list for PBXNativeTarget "UserActivityUITests" */ = {
			isa = XCConfigurationList;
			buildConfigurations = (
				6F366ED522F4FCC500AFB3B4 /* Debug */,
				6F366ED622F4FCC500AFB3B4 /* Release */,
			);
			defaultConfigurationIsVisible = 0;
			defaultConfigurationName = Debug;
		};
/* End XCConfigurationList section */
	};
	rootObject = 6F366E9E22F4FCC400AFB3B4 /* Project object */;
}
